{
  "version": 4,
  "terraform_version": "1.9.2",
  "serial": 39,
  "lineage": "fe051fd5-b13a-df2f-59d7-94aec8125868",
  "outputs": {},
  "resources": [
    {
      "mode": "managed",
      "type": "azurerm_resource_group",
      "name": "resource_group",
      "provider": "provider[\"registry.terraform.io/hashicorp/azurerm\"]",
      "instances": [
        {
          "schema_version": 0,
          "attributes": {
            "id": "/subscriptions/72e2720e-f496-43c7-ab41-8a74e03960e5/resourceGroups/group1",
            "location": "polandcentral",
            "managed_by": "",
            "name": "group1",
            "tags": null,
            "timeouts": null
          },
          "sensitive_attributes": [],
          "private": "eyJlMmJmYjczMC1lY2FhLTExZTYtOGY4OC0zNDM2M2JjN2M0YzAiOnsiY3JlYXRlIjo1NDAwMDAwMDAwMDAwLCJkZWxldGUiOjU0MDAwMDAwMDAwMDAsInJlYWQiOjMwMDAwMDAwMDAwMCwidXBkYXRlIjo1NDAwMDAwMDAwMDAwfX0="
        }
      ]
    },
    {
      "mode": "managed",
      "type": "azurerm_subnet",
      "name": "frontend_subnet",
      "provider": "provider[\"registry.terraform.io/hashicorp/azurerm\"]",
      "instances": [
        {
          "schema_version": 0,
          "attributes": {
            "address_prefixes": [
              "22.0.5.0/24"
            ],
            "default_outbound_access_enabled": true,
            "delegation": [],
            "enforce_private_link_endpoint_network_policies": false,
            "enforce_private_link_service_network_policies": false,
            "id": "/subscriptions/72e2720e-f496-43c7-ab41-8a74e03960e5/resourceGroups/group1/providers/Microsoft.Network/virtualNetworks/group1_vnet/subnets/group1_frontend_subnet",
            "name": "group1_frontend_subnet",
            "private_endpoint_network_policies": "Enabled",
            "private_endpoint_network_policies_enabled": true,
            "private_link_service_network_policies_enabled": true,
            "resource_group_name": "group1",
            "service_endpoint_policy_ids": null,
            "service_endpoints": null,
            "timeouts": null,
            "virtual_network_name": "group1_vnet"
          },
          "sensitive_attributes": [],
          "private": "eyJlMmJmYjczMC1lY2FhLTExZTYtOGY4OC0zNDM2M2JjN2M0YzAiOnsiY3JlYXRlIjoxODAwMDAwMDAwMDAwLCJkZWxldGUiOjE4MDAwMDAwMDAwMDAsInJlYWQiOjMwMDAwMDAwMDAwMCwidXBkYXRlIjoxODAwMDAwMDAwMDAwfX0=",
          "dependencies": [
            "azurerm_resource_group.resource_group",
            "azurerm_virtual_network.vnet"
          ]
        }
      ]
    },
    {
      "mode": "managed",
      "type": "azurerm_subnet",
      "name": "monitoring_subnet",
      "provider": "provider[\"registry.terraform.io/hashicorp/azurerm\"]",
      "instances": [
        {
          "schema_version": 0,
          "attributes": {
            "address_prefixes": [
              "22.0.10.0/24"
            ],
            "default_outbound_access_enabled": true,
            "delegation": [],
            "enforce_private_link_endpoint_network_policies": false,
            "enforce_private_link_service_network_policies": false,
            "id": "/subscriptions/72e2720e-f496-43c7-ab41-8a74e03960e5/resourceGroups/group1/providers/Microsoft.Network/virtualNetworks/group1_vnet/subnets/group1-monitoring-subnet",
            "name": "group1-monitoring-subnet",
            "private_endpoint_network_policies": "Enabled",
            "private_endpoint_network_policies_enabled": true,
            "private_link_service_network_policies_enabled": true,
            "resource_group_name": "group1",
            "service_endpoint_policy_ids": null,
            "service_endpoints": null,
            "timeouts": null,
            "virtual_network_name": "group1_vnet"
          },
          "sensitive_attributes": [],
          "private": "eyJlMmJmYjczMC1lY2FhLTExZTYtOGY4OC0zNDM2M2JjN2M0YzAiOnsiY3JlYXRlIjoxODAwMDAwMDAwMDAwLCJkZWxldGUiOjE4MDAwMDAwMDAwMDAsInJlYWQiOjMwMDAwMDAwMDAwMCwidXBkYXRlIjoxODAwMDAwMDAwMDAwfX0=",
          "dependencies": [
            "azurerm_resource_group.resource_group",
            "azurerm_virtual_network.vnet"
          ]
        }
      ]
    },
    {
      "mode": "managed",
      "type": "azurerm_virtual_network",
      "name": "vnet",
      "provider": "provider[\"registry.terraform.io/hashicorp/azurerm\"]",
      "instances": [
        {
          "schema_version": 0,
          "attributes": {
            "address_space": [
              "22.0.0.0/16"
            ],
            "bgp_community": "",
            "ddos_protection_plan": [],
            "dns_servers": [],
            "edge_zone": "",
            "encryption": [],
            "flow_timeout_in_minutes": 0,
            "guid": "f6b00ca0-3e71-4c25-8856-5eaff2221680",
            "id": "/subscriptions/72e2720e-f496-43c7-ab41-8a74e03960e5/resourceGroups/group1/providers/Microsoft.Network/virtualNetworks/group1_vnet",
            "location": "polandcentral",
            "name": "group1_vnet",
            "resource_group_name": "group1",
            "subnet": [],
            "tags": null,
            "timeouts": null
          },
          "sensitive_attributes": [],
          "private": "eyJlMmJmYjczMC1lY2FhLTExZTYtOGY4OC0zNDM2M2JjN2M0YzAiOnsiY3JlYXRlIjoxODAwMDAwMDAwMDAwLCJkZWxldGUiOjE4MDAwMDAwMDAwMDAsInJlYWQiOjMwMDAwMDAwMDAwMCwidXBkYXRlIjoxODAwMDAwMDAwMDAwfX0=",
          "dependencies": [
            "azurerm_resource_group.resource_group"
          ]
        }
      ]
    },
    {
      "module": "module.backend",
      "mode": "managed",
      "type": "azurerm_network_interface_backend_address_pool_association",
      "name": "lb_pool_nic_association",
      "provider": "provider[\"registry.terraform.io/hashicorp/azurerm\"]",
      "instances": [
        {
          "index_key": 0,
          "schema_version": 0,
          "attributes": {
            "backend_address_pool_id": "/subscriptions/72e2720e-f496-43c7-ab41-8a74e03960e5/resourceGroups/group1/providers/Microsoft.Network/loadBalancers/group1_lb/backendAddressPools/group1_backend_pool",
            "id": "/subscriptions/72e2720e-f496-43c7-ab41-8a74e03960e5/resourceGroups/group1/providers/Microsoft.Network/networkInterfaces/group1_lb_nic_0/ipConfigurations/internal|/subscriptions/72e2720e-f496-43c7-ab41-8a74e03960e5/resourceGroups/group1/providers/Microsoft.Network/loadBalancers/group1_lb/backendAddressPools/group1_backend_pool",
            "ip_configuration_name": "internal",
            "network_interface_id": "/subscriptions/72e2720e-f496-43c7-ab41-8a74e03960e5/resourceGroups/group1/providers/Microsoft.Network/networkInterfaces/group1_lb_nic_0",
            "timeouts": null
          },
          "sensitive_attributes": [],
          "private": "eyJlMmJmYjczMC1lY2FhLTExZTYtOGY4OC0zNDM2M2JjN2M0YzAiOnsiY3JlYXRlIjoxODAwMDAwMDAwMDAwLCJkZWxldGUiOjE4MDAwMDAwMDAwMDAsInJlYWQiOjMwMDAwMDAwMDAwMH19",
          "dependencies": [
            "azurerm_resource_group.resource_group",
            "azurerm_subnet.frontend_subnet",
            "azurerm_virtual_network.vnet",
            "module.backend.azurerm_subnet.backend_subnet",
            "module.backend.module.lb.azurerm_lb.load_balancer",
            "module.backend.module.lb.azurerm_lb_backend_address_pool.backend_pool",
            "module.backend.module.nat.azurerm_nat_gateway.gateway",
            "module.backend.module.nat.azurerm_nat_gateway_public_ip_association.gateway_public_ip_association",
            "module.backend.module.nat.azurerm_public_ip.gateway_public_ip",
            "module.backend.module.nat.azurerm_subnet_nat_gateway_association.gateway_subnet_association",
            "module.backend.module.vm.azurerm_network_interface.load_balancer_nic"
          ]
        },
        {
          "index_key": 1,
          "schema_version": 0,
          "attributes": {
            "backend_address_pool_id": "/subscriptions/72e2720e-f496-43c7-ab41-8a74e03960e5/resourceGroups/group1/providers/Microsoft.Network/loadBalancers/group1_lb/backendAddressPools/group1_backend_pool",
            "id": "/subscriptions/72e2720e-f496-43c7-ab41-8a74e03960e5/resourceGroups/group1/providers/Microsoft.Network/networkInterfaces/group1_lb_nic_1/ipConfigurations/internal|/subscriptions/72e2720e-f496-43c7-ab41-8a74e03960e5/resourceGroups/group1/providers/Microsoft.Network/loadBalancers/group1_lb/backendAddressPools/group1_backend_pool",
            "ip_configuration_name": "internal",
            "network_interface_id": "/subscriptions/72e2720e-f496-43c7-ab41-8a74e03960e5/resourceGroups/group1/providers/Microsoft.Network/networkInterfaces/group1_lb_nic_1",
            "timeouts": null
          },
          "sensitive_attributes": [],
          "private": "eyJlMmJmYjczMC1lY2FhLTExZTYtOGY4OC0zNDM2M2JjN2M0YzAiOnsiY3JlYXRlIjoxODAwMDAwMDAwMDAwLCJkZWxldGUiOjE4MDAwMDAwMDAwMDAsInJlYWQiOjMwMDAwMDAwMDAwMH19",
          "dependencies": [
            "azurerm_resource_group.resource_group",
            "azurerm_subnet.frontend_subnet",
            "azurerm_virtual_network.vnet",
            "module.backend.azurerm_subnet.backend_subnet",
            "module.backend.module.lb.azurerm_lb.load_balancer",
            "module.backend.module.lb.azurerm_lb_backend_address_pool.backend_pool",
            "module.backend.module.nat.azurerm_nat_gateway.gateway",
            "module.backend.module.nat.azurerm_nat_gateway_public_ip_association.gateway_public_ip_association",
            "module.backend.module.nat.azurerm_public_ip.gateway_public_ip",
            "module.backend.module.nat.azurerm_subnet_nat_gateway_association.gateway_subnet_association",
            "module.backend.module.vm.azurerm_network_interface.load_balancer_nic"
          ]
        }
      ]
    },
    {
      "module": "module.backend",
      "mode": "managed",
      "type": "azurerm_network_security_group",
      "name": "backend_nsg",
      "provider": "provider[\"registry.terraform.io/hashicorp/azurerm\"]",
      "instances": [
        {
          "schema_version": 0,
          "attributes": {
            "id": "/subscriptions/72e2720e-f496-43c7-ab41-8a74e03960e5/resourceGroups/group1/providers/Microsoft.Network/networkSecurityGroups/group1_backend_nsg",
            "location": "polandcentral",
            "name": "group1_backend_nsg",
            "resource_group_name": "group1",
            "security_rule": [
              {
                "access": "Allow",
                "description": "",
                "destination_address_prefix": "22.0.5.0/24",
                "destination_address_prefixes": [],
                "destination_application_security_group_ids": [],
                "destination_port_range": "80",
                "destination_port_ranges": [],
                "direction": "Inbound",
                "name": "web",
                "priority": 1008,
                "protocol": "Tcp",
                "source_address_prefix": "*",
                "source_address_prefixes": [],
                "source_application_security_group_ids": [],
                "source_port_range": "*",
                "source_port_ranges": []
              }
            ],
            "tags": null,
            "timeouts": null
          },
          "sensitive_attributes": [],
          "private": "eyJlMmJmYjczMC1lY2FhLTExZTYtOGY4OC0zNDM2M2JjN2M0YzAiOnsiY3JlYXRlIjoxODAwMDAwMDAwMDAwLCJkZWxldGUiOjE4MDAwMDAwMDAwMDAsInJlYWQiOjMwMDAwMDAwMDAwMCwidXBkYXRlIjoxODAwMDAwMDAwMDAwfX0=",
          "dependencies": [
            "azurerm_resource_group.resource_group",
            "azurerm_subnet.frontend_subnet",
            "azurerm_virtual_network.vnet"
          ]
        }
      ]
    },
    {
      "module": "module.backend",
      "mode": "managed",
      "type": "azurerm_subnet",
      "name": "backend_subnet",
      "provider": "provider[\"registry.terraform.io/hashicorp/azurerm\"]",
      "instances": [
        {
          "schema_version": 0,
          "attributes": {
            "address_prefixes": [
              "22.0.1.0/24"
            ],
            "default_outbound_access_enabled": true,
            "delegation": [],
            "enforce_private_link_endpoint_network_policies": false,
            "enforce_private_link_service_network_policies": false,
            "id": "/subscriptions/72e2720e-f496-43c7-ab41-8a74e03960e5/resourceGroups/group1/providers/Microsoft.Network/virtualNetworks/group1_vnet/subnets/group1_backend_subnet",
            "name": "group1_backend_subnet",
            "private_endpoint_network_policies": "Enabled",
            "private_endpoint_network_policies_enabled": true,
            "private_link_service_network_policies_enabled": true,
            "resource_group_name": "group1",
            "service_endpoint_policy_ids": null,
            "service_endpoints": null,
            "timeouts": null,
            "virtual_network_name": "group1_vnet"
          },
          "sensitive_attributes": [],
          "private": "eyJlMmJmYjczMC1lY2FhLTExZTYtOGY4OC0zNDM2M2JjN2M0YzAiOnsiY3JlYXRlIjoxODAwMDAwMDAwMDAwLCJkZWxldGUiOjE4MDAwMDAwMDAwMDAsInJlYWQiOjMwMDAwMDAwMDAwMCwidXBkYXRlIjoxODAwMDAwMDAwMDAwfX0=",
          "dependencies": [
            "azurerm_resource_group.resource_group",
            "azurerm_virtual_network.vnet"
          ]
        }
      ]
    },
    {
      "module": "module.backend",
      "mode": "managed",
      "type": "azurerm_subnet_network_security_group_association",
      "name": "backend_nsg_association",
      "provider": "provider[\"registry.terraform.io/hashicorp/azurerm\"]",
      "instances": [
        {
          "schema_version": 0,
          "attributes": {
            "id": "/subscriptions/72e2720e-f496-43c7-ab41-8a74e03960e5/resourceGroups/group1/providers/Microsoft.Network/virtualNetworks/group1_vnet/subnets/group1_backend_subnet",
            "network_security_group_id": "/subscriptions/72e2720e-f496-43c7-ab41-8a74e03960e5/resourceGroups/group1/providers/Microsoft.Network/networkSecurityGroups/group1_backend_nsg",
            "subnet_id": "/subscriptions/72e2720e-f496-43c7-ab41-8a74e03960e5/resourceGroups/group1/providers/Microsoft.Network/virtualNetworks/group1_vnet/subnets/group1_backend_subnet",
            "timeouts": null
          },
          "sensitive_attributes": [],
          "private": "eyJlMmJmYjczMC1lY2FhLTExZTYtOGY4OC0zNDM2M2JjN2M0YzAiOnsiY3JlYXRlIjoxODAwMDAwMDAwMDAwLCJkZWxldGUiOjE4MDAwMDAwMDAwMDAsInJlYWQiOjMwMDAwMDAwMDAwMH19",
          "dependencies": [
            "azurerm_resource_group.resource_group",
            "azurerm_subnet.frontend_subnet",
            "azurerm_virtual_network.vnet",
            "module.backend.azurerm_network_security_group.backend_nsg",
            "module.backend.azurerm_subnet.backend_subnet"
          ]
        }
      ]
    },
    {
      "module": "module.backend.module.lb",
      "mode": "managed",
      "type": "azurerm_lb",
      "name": "load_balancer",
      "provider": "provider[\"registry.terraform.io/hashicorp/azurerm\"]",
      "instances": [
        {
          "schema_version": 0,
          "attributes": {
            "edge_zone": "",
            "frontend_ip_configuration": [
              {
                "gateway_load_balancer_frontend_ip_configuration_id": "",
                "id": "/subscriptions/72e2720e-f496-43c7-ab41-8a74e03960e5/resourceGroups/group1/providers/Microsoft.Network/loadBalancers/group1_lb/frontendIPConfigurations/group1_lb_frontend_ip",
                "inbound_nat_rules": [],
                "load_balancer_rules": [],
                "name": "group1_lb_frontend_ip",
                "outbound_rules": [],
                "private_ip_address": "22.0.5.100",
                "private_ip_address_allocation": "Static",
                "private_ip_address_version": "IPv4",
                "public_ip_address_id": "",
                "public_ip_prefix_id": "",
                "subnet_id": "/subscriptions/72e2720e-f496-43c7-ab41-8a74e03960e5/resourceGroups/group1/providers/Microsoft.Network/virtualNetworks/group1_vnet/subnets/group1_frontend_subnet",
                "zones": null
              }
            ],
            "id": "/subscriptions/72e2720e-f496-43c7-ab41-8a74e03960e5/resourceGroups/group1/providers/Microsoft.Network/loadBalancers/group1_lb",
            "location": "polandcentral",
            "name": "group1_lb",
            "private_ip_address": "22.0.5.100",
            "private_ip_addresses": [
              "22.0.5.100"
            ],
            "resource_group_name": "group1",
            "sku": "Standard",
            "sku_tier": "Regional",
            "tags": null,
            "timeouts": null
          },
          "sensitive_attributes": [],
          "private": "eyJlMmJmYjczMC1lY2FhLTExZTYtOGY4OC0zNDM2M2JjN2M0YzAiOnsiY3JlYXRlIjoxODAwMDAwMDAwMDAwLCJkZWxldGUiOjE4MDAwMDAwMDAwMDAsInJlYWQiOjMwMDAwMDAwMDAwMCwidXBkYXRlIjoxODAwMDAwMDAwMDAwfX0=",
          "dependencies": [
            "azurerm_resource_group.resource_group",
            "azurerm_subnet.frontend_subnet",
            "azurerm_virtual_network.vnet"
          ]
        }
      ]
    },
    {
      "module": "module.backend.module.lb",
      "mode": "managed",
      "type": "azurerm_lb_backend_address_pool",
      "name": "backend_pool",
      "provider": "provider[\"registry.terraform.io/hashicorp/azurerm\"]",
      "instances": [
        {
          "schema_version": 0,
          "attributes": {
            "backend_ip_configurations": [],
            "id": "/subscriptions/72e2720e-f496-43c7-ab41-8a74e03960e5/resourceGroups/group1/providers/Microsoft.Network/loadBalancers/group1_lb/backendAddressPools/group1_backend_pool",
            "inbound_nat_rules": [],
            "load_balancing_rules": [],
            "loadbalancer_id": "/subscriptions/72e2720e-f496-43c7-ab41-8a74e03960e5/resourceGroups/group1/providers/Microsoft.Network/loadBalancers/group1_lb",
            "name": "group1_backend_pool",
            "outbound_rules": [],
            "synchronous_mode": "",
            "timeouts": null,
            "tunnel_interface": [],
            "virtual_network_id": ""
          },
          "sensitive_attributes": [],
          "private": "eyJlMmJmYjczMC1lY2FhLTExZTYtOGY4OC0zNDM2M2JjN2M0YzAiOnsiY3JlYXRlIjoxODAwMDAwMDAwMDAwLCJkZWxldGUiOjE4MDAwMDAwMDAwMDAsInJlYWQiOjMwMDAwMDAwMDAwMCwidXBkYXRlIjoxODAwMDAwMDAwMDAwfX0=",
          "dependencies": [
            "azurerm_resource_group.resource_group",
            "azurerm_subnet.frontend_subnet",
            "azurerm_virtual_network.vnet",
            "module.backend.module.lb.azurerm_lb.load_balancer"
          ]
        }
      ]
    },
    {
      "module": "module.backend.module.lb",
      "mode": "managed",
      "type": "azurerm_lb_probe",
      "name": "probe",
      "provider": "provider[\"registry.terraform.io/hashicorp/azurerm\"]",
      "instances": [
        {
          "schema_version": 0,
          "attributes": {
            "id": "/subscriptions/72e2720e-f496-43c7-ab41-8a74e03960e5/resourceGroups/group1/providers/Microsoft.Network/loadBalancers/group1_lb/probes/group1_healthprobe",
            "interval_in_seconds": 15,
            "load_balancer_rules": [],
            "loadbalancer_id": "/subscriptions/72e2720e-f496-43c7-ab41-8a74e03960e5/resourceGroups/group1/providers/Microsoft.Network/loadBalancers/group1_lb",
            "name": "group1_healthprobe",
            "number_of_probes": 2,
            "port": 80,
            "probe_threshold": 1,
            "protocol": "Tcp",
            "request_path": "",
            "timeouts": null
          },
          "sensitive_attributes": [],
          "private": "eyJlMmJmYjczMC1lY2FhLTExZTYtOGY4OC0zNDM2M2JjN2M0YzAiOnsiY3JlYXRlIjoxODAwMDAwMDAwMDAwLCJkZWxldGUiOjE4MDAwMDAwMDAwMDAsInJlYWQiOjMwMDAwMDAwMDAwMCwidXBkYXRlIjoxODAwMDAwMDAwMDAwfX0=",
          "dependencies": [
            "azurerm_resource_group.resource_group",
            "azurerm_subnet.frontend_subnet",
            "azurerm_virtual_network.vnet",
            "module.backend.module.lb.azurerm_lb.load_balancer"
          ]
        }
      ]
    },
    {
      "module": "module.backend.module.lb",
      "mode": "managed",
      "type": "azurerm_lb_rule",
      "name": "lb_rule",
      "provider": "provider[\"registry.terraform.io/hashicorp/azurerm\"]",
      "instances": [
        {
          "schema_version": 0,
          "attributes": {
            "backend_address_pool_ids": [
              "/subscriptions/72e2720e-f496-43c7-ab41-8a74e03960e5/resourceGroups/group1/providers/Microsoft.Network/loadBalancers/group1_lb/backendAddressPools/group1_backend_pool"
            ],
            "backend_port": 80,
            "disable_outbound_snat": true,
            "enable_floating_ip": false,
            "enable_tcp_reset": false,
            "frontend_ip_configuration_id": "/subscriptions/72e2720e-f496-43c7-ab41-8a74e03960e5/resourceGroups/group1/providers/Microsoft.Network/loadBalancers/group1_lb/frontendIPConfigurations/group1_lb_frontend_ip",
            "frontend_ip_configuration_name": "group1_lb_frontend_ip",
            "frontend_port": 80,
            "id": "/subscriptions/72e2720e-f496-43c7-ab41-8a74e03960e5/resourceGroups/group1/providers/Microsoft.Network/loadBalancers/group1_lb/loadBalancingRules/group1_lb_rule",
            "idle_timeout_in_minutes": 4,
            "load_distribution": "Default",
            "loadbalancer_id": "/subscriptions/72e2720e-f496-43c7-ab41-8a74e03960e5/resourceGroups/group1/providers/Microsoft.Network/loadBalancers/group1_lb",
            "name": "group1_lb_rule",
            "probe_id": "/subscriptions/72e2720e-f496-43c7-ab41-8a74e03960e5/resourceGroups/group1/providers/Microsoft.Network/loadBalancers/group1_lb/probes/group1_healthprobe",
            "protocol": "Tcp",
            "timeouts": null
          },
          "sensitive_attributes": [],
          "private": "eyJlMmJmYjczMC1lY2FhLTExZTYtOGY4OC0zNDM2M2JjN2M0YzAiOnsiY3JlYXRlIjoxODAwMDAwMDAwMDAwLCJkZWxldGUiOjE4MDAwMDAwMDAwMDAsInJlYWQiOjMwMDAwMDAwMDAwMCwidXBkYXRlIjoxODAwMDAwMDAwMDAwfX0=",
          "dependencies": [
            "azurerm_resource_group.resource_group",
            "azurerm_subnet.frontend_subnet",
            "azurerm_virtual_network.vnet",
            "module.backend.module.lb.azurerm_lb.load_balancer",
            "module.backend.module.lb.azurerm_lb_backend_address_pool.backend_pool",
            "module.backend.module.lb.azurerm_lb_probe.probe"
          ]
        }
      ]
    },
    {
      "module": "module.backend.module.nat",
      "mode": "managed",
      "type": "azurerm_nat_gateway",
      "name": "gateway",
      "provider": "provider[\"registry.terraform.io/hashicorp/azurerm\"]",
      "instances": [
        {
          "schema_version": 0,
          "attributes": {
            "id": "/subscriptions/72e2720e-f496-43c7-ab41-8a74e03960e5/resourceGroups/group1/providers/Microsoft.Network/natGateways/group1_nat_gateway",
            "idle_timeout_in_minutes": 10,
            "location": "polandcentral",
            "name": "group1_nat_gateway",
            "resource_group_name": "group1",
            "resource_guid": "4ab0df94-8513-47f9-b105-f9dd997be36a",
            "sku_name": "Standard",
            "tags": null,
            "timeouts": null,
            "zones": null
          },
          "sensitive_attributes": [],
          "private": "eyJlMmJmYjczMC1lY2FhLTExZTYtOGY4OC0zNDM2M2JjN2M0YzAiOnsiY3JlYXRlIjozNjAwMDAwMDAwMDAwLCJkZWxldGUiOjM2MDAwMDAwMDAwMDAsInJlYWQiOjMwMDAwMDAwMDAwMCwidXBkYXRlIjozNjAwMDAwMDAwMDAwfX0=",
          "dependencies": [
            "azurerm_resource_group.resource_group"
          ]
        }
      ]
    },
    {
      "module": "module.backend.module.nat",
      "mode": "managed",
      "type": "azurerm_nat_gateway_public_ip_association",
      "name": "gateway_public_ip_association",
      "provider": "provider[\"registry.terraform.io/hashicorp/azurerm\"]",
      "instances": [
        {
          "schema_version": 0,
          "attributes": {
            "id": "/subscriptions/72e2720e-f496-43c7-ab41-8a74e03960e5/resourceGroups/group1/providers/Microsoft.Network/natGateways/group1_nat_gateway|/subscriptions/72e2720e-f496-43c7-ab41-8a74e03960e5/resourceGroups/group1/providers/Microsoft.Network/publicIPAddresses/group1_gw_public_ip",
            "nat_gateway_id": "/subscriptions/72e2720e-f496-43c7-ab41-8a74e03960e5/resourceGroups/group1/providers/Microsoft.Network/natGateways/group1_nat_gateway",
            "public_ip_address_id": "/subscriptions/72e2720e-f496-43c7-ab41-8a74e03960e5/resourceGroups/group1/providers/Microsoft.Network/publicIPAddresses/group1_gw_public_ip",
            "timeouts": null
          },
          "sensitive_attributes": [],
          "private": "eyJlMmJmYjczMC1lY2FhLTExZTYtOGY4OC0zNDM2M2JjN2M0YzAiOnsiY3JlYXRlIjoxODAwMDAwMDAwMDAwLCJkZWxldGUiOjE4MDAwMDAwMDAwMDAsInJlYWQiOjMwMDAwMDAwMDAwMH19",
          "dependencies": [
            "azurerm_resource_group.resource_group",
            "module.backend.module.nat.azurerm_nat_gateway.gateway",
            "module.backend.module.nat.azurerm_public_ip.gateway_public_ip"
          ]
        }
      ]
    },
    {
      "module": "module.backend.module.nat",
      "mode": "managed",
      "type": "azurerm_public_ip",
      "name": "gateway_public_ip",
      "provider": "provider[\"registry.terraform.io/hashicorp/azurerm\"]",
      "instances": [
        {
          "schema_version": 0,
          "attributes": {
            "allocation_method": "Static",
            "ddos_protection_mode": "VirtualNetworkInherited",
            "ddos_protection_plan_id": null,
            "domain_name_label": null,
            "edge_zone": "",
            "fqdn": null,
            "id": "/subscriptions/72e2720e-f496-43c7-ab41-8a74e03960e5/resourceGroups/group1/providers/Microsoft.Network/publicIPAddresses/group1_gw_public_ip",
            "idle_timeout_in_minutes": 4,
            "ip_address": "20.215.248.56",
            "ip_tags": null,
            "ip_version": "IPv4",
            "location": "polandcentral",
            "name": "group1_gw_public_ip",
            "public_ip_prefix_id": null,
            "resource_group_name": "group1",
            "reverse_fqdn": null,
            "sku": "Standard",
            "sku_tier": "Regional",
            "tags": null,
            "timeouts": null,
            "zones": null
          },
          "sensitive_attributes": [],
          "private": "eyJlMmJmYjczMC1lY2FhLTExZTYtOGY4OC0zNDM2M2JjN2M0YzAiOnsiY3JlYXRlIjoxODAwMDAwMDAwMDAwLCJkZWxldGUiOjE4MDAwMDAwMDAwMDAsInJlYWQiOjMwMDAwMDAwMDAwMCwidXBkYXRlIjoxODAwMDAwMDAwMDAwfX0=",
          "dependencies": [
            "azurerm_resource_group.resource_group"
          ]
        }
      ]
    },
    {
      "module": "module.backend.module.nat",
      "mode": "managed",
      "type": "azurerm_subnet_nat_gateway_association",
      "name": "gateway_subnet_association",
      "provider": "provider[\"registry.terraform.io/hashicorp/azurerm\"]",
      "instances": [
        {
          "schema_version": 0,
          "attributes": {
            "id": "/subscriptions/72e2720e-f496-43c7-ab41-8a74e03960e5/resourceGroups/group1/providers/Microsoft.Network/virtualNetworks/group1_vnet/subnets/group1_backend_subnet",
            "nat_gateway_id": "/subscriptions/72e2720e-f496-43c7-ab41-8a74e03960e5/resourceGroups/group1/providers/Microsoft.Network/natGateways/group1_nat_gateway",
            "subnet_id": "/subscriptions/72e2720e-f496-43c7-ab41-8a74e03960e5/resourceGroups/group1/providers/Microsoft.Network/virtualNetworks/group1_vnet/subnets/group1_backend_subnet",
            "timeouts": null
          },
          "sensitive_attributes": [],
          "private": "eyJlMmJmYjczMC1lY2FhLTExZTYtOGY4OC0zNDM2M2JjN2M0YzAiOnsiY3JlYXRlIjoxODAwMDAwMDAwMDAwLCJkZWxldGUiOjE4MDAwMDAwMDAwMDAsInJlYWQiOjMwMDAwMDAwMDAwMH19",
          "dependencies": [
            "azurerm_resource_group.resource_group",
            "azurerm_virtual_network.vnet",
            "module.backend.azurerm_subnet.backend_subnet",
            "module.backend.module.nat.azurerm_nat_gateway.gateway"
          ]
        }
      ]
    },
    {
      "module": "module.backend.module.vm",
      "mode": "managed",
      "type": "azurerm_linux_virtual_machine",
      "name": "vm",
      "provider": "provider[\"registry.terraform.io/hashicorp/azurerm\"]",
      "instances": [
        {
          "index_key": 0,
          "schema_version": 0,
          "attributes": {
            "additional_capabilities": [],
            "admin_password": null,
            "admin_ssh_key": [
              {
                "public_key": "ssh-rsa AAAAB3NzaC1yc2EAAAADAQABAAABgQDa7pTCwpCns5L31EkODWz1O+oRQlAVMXUi5k3F90bfS4aTn+HrqWYFU9naV41okIBD+6hV6mp0qTT45Lqs7JSAXquHqCU0UKxkG19RTe09OHt9q09ygsi0o81/dBaC4e76k+69vyX8NCnej5zLyFDv7aQGelApdjNyccVaFuWMaqlKn8ki2BWqf/kHgManbwKxZAFk+cHwbLs3HUTfbBbdT2u3PP2jmvPpfEzHgHPxaugERdIsLGMgTYJFjgIqX8AxhTPn0PTp8mEOad61PAJyD4y3GRhfbY7bsRh5i8seqh0ZR11vTp0XGVVF2ULTA07BWyW3ynGgx3DvvH5lb1l7pBTSiEqgENBa/w7gCb209Bd0qxfOlBrGbKOdFYFO2rYsxLS3nH+q3Ol3McDbMWqi3wJu4a4EhflxdgObtnk3gRc9fjcqLhVP1UvviI+tk0F7E2cAeAI7JwKak6x8M7g9qmwNh031KzkxIqBSYG6hNkl5v5wSkcJAcxX0lRSxvkM= jakubkoz@POLO2-0582S\n",
                "username": "adminuser"
              }
            ],
            "admin_username": "adminuser",
            "allow_extension_operations": true,
            "availability_set_id": "",
            "boot_diagnostics": [],
            "bypass_platform_safety_checks_on_user_schedule_enabled": false,
            "capacity_reservation_group_id": "",
            "computer_name": "group1-vm-0",
            "custom_data": "I2Nsb3VkLWNvbmZpZwoKcGFja2FnZV91cGRhdGU6IHRydWUKcGFja2FnZV91cGdyYWRlOiB0cnVlCgpncm91cHM6CiAgLSBkb2NrZXIKCnN5c3RlbV9pbmZvOgogIGRlZmF1bHRfdXNlcjoKICAgIGdyb3VwczogW2RvY2tlcl0KCnBhY2thZ2VzOgogIC0gZG9ja2VyLmlvCiAgLSB1bmF0dGVuZGVkLXVwZ3JhZGVzCgp3cml0ZV9maWxlczoKICAtIHBhdGg6IC9ob21lL2FkbWludXNlci9wcm9tdGFpbC1jb25maWcueW1sCiAgICBjb250ZW50OiB8CiAgICAgIHNlcnZlcjoKICBodHRwX2xpc3Rlbl9wb3J0OiA5MDgwCiAgZ3JwY19saXN0ZW5fcG9ydDogMAoKcG9zaXRpb25zOgogIGZpbGVuYW1lOiAvdG1wL3Bvc2l0aW9ucy55YW1sCgpjbGllbnRzOgogIC0gdXJsOiBodHRwOi8vMjIuMC4xMC4xMDozMTAwL2xva2kvYXBpL3YxL3B1c2gKCnNjcmFwZV9jb25maWdzOgogIC0gam9iX25hbWU6IGFsbF9jb250YWluZXJzX2xvZ3MKICAgIHN0YXRpY19jb25maWdzOgogICAgICAtIHRhcmdldHM6CiAgICAgICAgICAtIGxvY2FsaG9zdAogICAgICAgIGxhYmVsczoKICAgICAgICAgIGpvYjogY29udGFpbmVybG9ncwogICAgICAgICAgX19wYXRoX186IC92YXIvbGliL2RvY2tlci9jb250YWluZXJzLyovKi5sb2cKICAtIGpvYl9uYW1lOiBkb2NrZXJfY29udGFpbmVyc19zY3JhcGUKICAgIGRvY2tlcl9zZF9jb25maWdzOgogICAgICAtIGhvc3Q6ICJ1bml4Oi8vL3Zhci9ydW4vZG9ja2VyLnNvY2siCiAgICAgICAgcmVmcmVzaF9pbnRlcnZhbDogIjE1cyIKICAgIHJlbGFiZWxfY29uZmlnczoKICAgICAgLSBzb3VyY2VfbGFiZWxzOiBbJ19fbWV0YV9kb2NrZXJfY29udGFpbmVyX25hbWUnXQogICAgICAgIHRhcmdldF9sYWJlbDogJ2NvbnRhaW5lcl9uYW1lJwogICAgICAgIHJlZ2V4OiAnLyguKiknCgpydW5jbWQ6CiAgLSBkb2NrZXIgbG9naW4gcGFya2FuaXplcmFjcjIwMjQuYXp1cmVjci5pbyAtdSBwYXJrYW5pemVyYWNyMjAyNCAtcCBEeUVINFdweDZrMGJid3dRRm5aR29GTXFTTXgvdDFLYVpjSnJ5T0hvYlgrQUNSQkhjRWpXCiAgLSBkb2NrZXIgcHVsbCBwYXJrYW5pemVyYWNyMjAyNC5henVyZWNyLmlvL2dydXBhMS9hcHA6bGF0ZXN0CiAgLSBkb2NrZXIgcHVsbCBwYXJrYW5pemVyYWNyMjAyNC5henVyZWNyLmlvL21vbml0b3JpbmcvcHJvbXRhaWw6Mi45LjIKICAtIGRvY2tlciBydW4gLWQgLXAgODA6ODA4MCAtZSBTUFJJTkdfREFUQVNPVVJDRV9VUkw9amRiYzpwb3N0Z3Jlc3FsOi8vZGF0YWJhc2UuZ3JvdXAxLmF6dXJlLmNvbTo1NDMyL3BhcmtpbmdEYiAtZSBTUFJJTkdfREFUQVNPVVJDRV9VU0VSTkFNRT11c2VybmFtZSAtZSBTUFJJTkdfREFUQVNPVVJDRV9QQVNTV09SRD1wYXNzd29yZCBwYXJrYW5pemVyYWNyMjAyNC5henVyZWNyLmlvL2dydXBhMS9hcHA6bGF0ZXN0CiAgLSBkb2NrZXIgcnVuIC1kIFwKICAgICAgLXYgL2hvbWUvYWRtaW51c2VyL3Byb210YWlsLWNvbmZpZy55bWw6L2V0Yy9wcm9tdGFpbC9jb25maWcueW1sIFwKICAgICAgLXYgL3Zhci9saWIvZG9ja2VyL2NvbnRhaW5lcnM6L3Zhci9saWIvZG9ja2VyL2NvbnRhaW5lcnMgXAogICAgICAtdiAvdmFyL3J1bi9kb2NrZXIuc29jazovdmFyL3J1bi9kb2NrZXIuc29jayBcCiAgICAgIHBhcmthbml6ZXJhY3IyMDI0LmF6dXJlY3IuaW8vbW9uaXRvcmluZy9wcm9tdGFpbDoyLjkuMiBcCiAgICAgIC1jb25maWcuZmlsZT0vZXRjL3Byb210YWlsL2NvbmZpZy55bWwKCmZpbmFsX21lc3NhZ2U6ICJUaGUgc3lzdGVtIGlzIGZpbmFsbHkgdXAsIGFmdGVyICRVUFRJTUUgc2Vjb25kcyIK",
            "dedicated_host_group_id": "",
            "dedicated_host_id": "",
            "disable_password_authentication": true,
            "disk_controller_type": "",
            "edge_zone": "",
            "encryption_at_host_enabled": false,
            "eviction_policy": "",
            "extensions_time_budget": "PT1H30M",
            "gallery_application": [],
            "id": "/subscriptions/72e2720e-f496-43c7-ab41-8a74e03960e5/resourceGroups/group1/providers/Microsoft.Compute/virtualMachines/group1-vm-0",
            "identity": [],
            "license_type": "",
            "location": "polandcentral",
            "max_bid_price": -1,
            "name": "group1-vm-0",
            "network_interface_ids": [
              "/subscriptions/72e2720e-f496-43c7-ab41-8a74e03960e5/resourceGroups/group1/providers/Microsoft.Network/networkInterfaces/group1_lb_nic_0"
            ],
            "os_disk": [
              {
                "caching": "ReadWrite",
                "diff_disk_settings": [],
                "disk_encryption_set_id": "",
                "disk_size_gb": 30,
                "name": "group1-vm-0_OsDisk_1_d30d740306a44c39bbb0f27f865cd7b2",
                "secure_vm_disk_encryption_set_id": "",
                "security_encryption_type": "",
                "storage_account_type": "Standard_LRS",
                "write_accelerator_enabled": false
              }
            ],
            "os_image_notification": [],
            "patch_assessment_mode": "ImageDefault",
            "patch_mode": "ImageDefault",
            "plan": [],
            "platform_fault_domain": -1,
            "priority": "Regular",
            "private_ip_address": "22.0.1.5",
            "private_ip_addresses": [
              "22.0.1.5"
            ],
            "provision_vm_agent": true,
            "proximity_placement_group_id": "",
            "public_ip_address": "",
            "public_ip_addresses": [],
            "reboot_setting": "",
            "resource_group_name": "group1",
            "secret": [],
            "secure_boot_enabled": false,
            "size": "Standard_F1",
            "source_image_id": "",
            "source_image_reference": [
              {
                "offer": "0001-com-ubuntu-server-jammy",
                "publisher": "Canonical",
                "sku": "22_04-lts",
                "version": "latest"
              }
            ],
            "tags": {
              "idemia:cpe:auto:poweroffrange": "19:00!"
            },
            "termination_notification": null,
            "timeouts": null,
            "user_data": "",
            "virtual_machine_id": "97083a2e-5587-4ad5-8606-cf2faa733a9d",
            "virtual_machine_scale_set_id": "",
            "vm_agent_platform_updates_enabled": false,
            "vtpm_enabled": false,
            "zone": ""
          },
          "sensitive_attributes": [
            [
              {
                "type": "get_attr",
                "value": "admin_password"
              }
            ],
            [
              {
                "type": "get_attr",
                "value": "custom_data"
              }
            ]
          ],
          "private": "eyJlMmJmYjczMC1lY2FhLTExZTYtOGY4OC0zNDM2M2JjN2M0YzAiOnsiY3JlYXRlIjoyNzAwMDAwMDAwMDAwLCJkZWxldGUiOjI3MDAwMDAwMDAwMDAsInJlYWQiOjMwMDAwMDAwMDAwMCwidXBkYXRlIjoyNzAwMDAwMDAwMDAwfX0=",
          "dependencies": [
            "azurerm_resource_group.resource_group",
            "azurerm_virtual_network.vnet",
            "module.backend.azurerm_subnet.backend_subnet",
            "module.backend.module.nat.azurerm_nat_gateway.gateway",
            "module.backend.module.nat.azurerm_nat_gateway_public_ip_association.gateway_public_ip_association",
            "module.backend.module.nat.azurerm_public_ip.gateway_public_ip",
            "module.backend.module.nat.azurerm_subnet_nat_gateway_association.gateway_subnet_association",
            "module.backend.module.vm.azurerm_network_interface.load_balancer_nic"
          ]
        },
        {
          "index_key": 1,
          "schema_version": 0,
          "attributes": {
            "additional_capabilities": [],
            "admin_password": null,
            "admin_ssh_key": [
              {
                "public_key": "ssh-rsa AAAAB3NzaC1yc2EAAAADAQABAAABgQCl4k8xfQtirP0BWGbMyPA53NbMwoMFcTQen72lAJobHQQn6cpdTAbE/U7iG+v8cyr58cQwiVAkqggna1N/oApW1OiiFaPoXCPzAla7kAgKqU0F25rNytKEfYG27xIabAcC+abeTz95P93O1vOrlY18uQwNp8RdPrEgY0w/alJUyPp+Snm9nD23XbmqNupei880D0InQD3Get4L78CexWSTkw2wgJ39cBQQ44xJok9KLYvP9wC2RnNNByHecg7fjWqY4t3vytlmKK0u4UZYRS5IDtyJmdjs46mDzT8o0LlmItlMH2jeY8nn9NmY5k8u6LgwBuPKrQ6jtdgsOysvO5BsHmdJfrLJUiCt3frA+uDHaBUC2xoIaPJHBvzJvGSEEjssr/futFMRw2h2zt3Ytku+u0XSXCAKDcZrP+5+07p+JWt0oq+BkSdqiEcdGXi2IifAOjRjsKHMuNqturrWoqTV0L6FtVVeoE4744fDE1IjOeyrYyCxmKE2/k51U8xoyV0= jakubkoz@POLO2-0582S\n",
                "username": "adminuser"
              }
            ],
            "admin_username": "adminuser",
            "allow_extension_operations": true,
            "availability_set_id": "",
            "boot_diagnostics": [],
            "bypass_platform_safety_checks_on_user_schedule_enabled": false,
            "capacity_reservation_group_id": "",
            "computer_name": "group1-vm-1",
            "custom_data": "I2Nsb3VkLWNvbmZpZwoKcGFja2FnZV91cGRhdGU6IHRydWUKcGFja2FnZV91cGdyYWRlOiB0cnVlCgpncm91cHM6CiAgLSBkb2NrZXIKCnN5c3RlbV9pbmZvOgogIGRlZmF1bHRfdXNlcjoKICAgIGdyb3VwczogW2RvY2tlcl0KCnBhY2thZ2VzOgogIC0gZG9ja2VyLmlvCiAgLSB1bmF0dGVuZGVkLXVwZ3JhZGVzCgp3cml0ZV9maWxlczoKICAtIHBhdGg6IC9ob21lL2FkbWludXNlci9wcm9tdGFpbC1jb25maWcueW1sCiAgICBjb250ZW50OiB8CiAgICAgIHNlcnZlcjoKICBodHRwX2xpc3Rlbl9wb3J0OiA5MDgwCiAgZ3JwY19saXN0ZW5fcG9ydDogMAoKcG9zaXRpb25zOgogIGZpbGVuYW1lOiAvdG1wL3Bvc2l0aW9ucy55YW1sCgpjbGllbnRzOgogIC0gdXJsOiBodHRwOi8vMjIuMC4xMC4xMDozMTAwL2xva2kvYXBpL3YxL3B1c2gKCnNjcmFwZV9jb25maWdzOgogIC0gam9iX25hbWU6IGFsbF9jb250YWluZXJzX2xvZ3MKICAgIHN0YXRpY19jb25maWdzOgogICAgICAtIHRhcmdldHM6CiAgICAgICAgICAtIGxvY2FsaG9zdAogICAgICAgIGxhYmVsczoKICAgICAgICAgIGpvYjogY29udGFpbmVybG9ncwogICAgICAgICAgX19wYXRoX186IC92YXIvbGliL2RvY2tlci9jb250YWluZXJzLyovKi5sb2cKICAtIGpvYl9uYW1lOiBkb2NrZXJfY29udGFpbmVyc19zY3JhcGUKICAgIGRvY2tlcl9zZF9jb25maWdzOgogICAgICAtIGhvc3Q6ICJ1bml4Oi8vL3Zhci9ydW4vZG9ja2VyLnNvY2siCiAgICAgICAgcmVmcmVzaF9pbnRlcnZhbDogIjE1cyIKICAgIHJlbGFiZWxfY29uZmlnczoKICAgICAgLSBzb3VyY2VfbGFiZWxzOiBbJ19fbWV0YV9kb2NrZXJfY29udGFpbmVyX25hbWUnXQogICAgICAgIHRhcmdldF9sYWJlbDogJ2NvbnRhaW5lcl9uYW1lJwogICAgICAgIHJlZ2V4OiAnLyguKiknCgpydW5jbWQ6CiAgLSBkb2NrZXIgbG9naW4gcGFya2FuaXplcmFjcjIwMjQuYXp1cmVjci5pbyAtdSBwYXJrYW5pemVyYWNyMjAyNCAtcCBEeUVINFdweDZrMGJid3dRRm5aR29GTXFTTXgvdDFLYVpjSnJ5T0hvYlgrQUNSQkhjRWpXCiAgLSBkb2NrZXIgcHVsbCBwYXJrYW5pemVyYWNyMjAyNC5henVyZWNyLmlvL2dydXBhMS9hcHA6bGF0ZXN0CiAgLSBkb2NrZXIgcHVsbCBwYXJrYW5pemVyYWNyMjAyNC5henVyZWNyLmlvL21vbml0b3JpbmcvcHJvbXRhaWw6Mi45LjIKICAtIGRvY2tlciBydW4gLWQgLXAgODA6ODA4MCAtZSBTUFJJTkdfREFUQVNPVVJDRV9VUkw9amRiYzpwb3N0Z3Jlc3FsOi8vZGF0YWJhc2UuZ3JvdXAxLmF6dXJlLmNvbTo1NDMyL3BhcmtpbmdEYiAtZSBTUFJJTkdfREFUQVNPVVJDRV9VU0VSTkFNRT11c2VybmFtZSAtZSBTUFJJTkdfREFUQVNPVVJDRV9QQVNTV09SRD1wYXNzd29yZCBwYXJrYW5pemVyYWNyMjAyNC5henVyZWNyLmlvL2dydXBhMS9hcHA6bGF0ZXN0CiAgLSBkb2NrZXIgcnVuIC1kIFwKICAgICAgLXYgL2hvbWUvYWRtaW51c2VyL3Byb210YWlsLWNvbmZpZy55bWw6L2V0Yy9wcm9tdGFpbC9jb25maWcueW1sIFwKICAgICAgLXYgL3Zhci9saWIvZG9ja2VyL2NvbnRhaW5lcnM6L3Zhci9saWIvZG9ja2VyL2NvbnRhaW5lcnMgXAogICAgICAtdiAvdmFyL3J1bi9kb2NrZXIuc29jazovdmFyL3J1bi9kb2NrZXIuc29jayBcCiAgICAgIHBhcmthbml6ZXJhY3IyMDI0LmF6dXJlY3IuaW8vbW9uaXRvcmluZy9wcm9tdGFpbDoyLjkuMiBcCiAgICAgIC1jb25maWcuZmlsZT0vZXRjL3Byb210YWlsL2NvbmZpZy55bWwKCmZpbmFsX21lc3NhZ2U6ICJUaGUgc3lzdGVtIGlzIGZpbmFsbHkgdXAsIGFmdGVyICRVUFRJTUUgc2Vjb25kcyIK",
            "dedicated_host_group_id": "",
            "dedicated_host_id": "",
            "disable_password_authentication": true,
            "disk_controller_type": "",
            "edge_zone": "",
            "encryption_at_host_enabled": false,
            "eviction_policy": "",
            "extensions_time_budget": "PT1H30M",
            "gallery_application": [],
            "id": "/subscriptions/72e2720e-f496-43c7-ab41-8a74e03960e5/resourceGroups/group1/providers/Microsoft.Compute/virtualMachines/group1-vm-1",
            "identity": [],
            "license_type": "",
            "location": "polandcentral",
            "max_bid_price": -1,
            "name": "group1-vm-1",
            "network_interface_ids": [
              "/subscriptions/72e2720e-f496-43c7-ab41-8a74e03960e5/resourceGroups/group1/providers/Microsoft.Network/networkInterfaces/group1_lb_nic_1"
            ],
            "os_disk": [
              {
                "caching": "ReadWrite",
                "diff_disk_settings": [],
                "disk_encryption_set_id": "",
                "disk_size_gb": 30,
                "name": "group1-vm-1_OsDisk_1_a39565c722ec4348b6dd5b8a66332837",
                "secure_vm_disk_encryption_set_id": "",
                "security_encryption_type": "",
                "storage_account_type": "Standard_LRS",
                "write_accelerator_enabled": false
              }
            ],
            "os_image_notification": [],
            "patch_assessment_mode": "ImageDefault",
            "patch_mode": "ImageDefault",
            "plan": [],
            "platform_fault_domain": -1,
            "priority": "Regular",
            "private_ip_address": "22.0.1.4",
            "private_ip_addresses": [
              "22.0.1.4"
            ],
            "provision_vm_agent": true,
            "proximity_placement_group_id": "",
            "public_ip_address": "",
            "public_ip_addresses": [],
            "reboot_setting": "",
            "resource_group_name": "group1",
            "secret": [],
            "secure_boot_enabled": false,
            "size": "Standard_F1",
            "source_image_id": "",
            "source_image_reference": [
              {
                "offer": "0001-com-ubuntu-server-jammy",
                "publisher": "Canonical",
                "sku": "22_04-lts",
                "version": "latest"
              }
            ],
            "tags": {
              "idemia:cpe:auto:poweroffrange": "19:00!"
            },
            "termination_notification": null,
            "timeouts": null,
            "user_data": "",
            "virtual_machine_id": "60a7ffa8-161f-431b-a1ea-c82898616d46",
            "virtual_machine_scale_set_id": "",
            "vm_agent_platform_updates_enabled": false,
            "vtpm_enabled": false,
            "zone": ""
          },
          "sensitive_attributes": [
            [
              {
                "type": "get_attr",
                "value": "custom_data"
              }
            ],
            [
              {
                "type": "get_attr",
                "value": "admin_password"
              }
            ]
          ],
          "private": "eyJlMmJmYjczMC1lY2FhLTExZTYtOGY4OC0zNDM2M2JjN2M0YzAiOnsiY3JlYXRlIjoyNzAwMDAwMDAwMDAwLCJkZWxldGUiOjI3MDAwMDAwMDAwMDAsInJlYWQiOjMwMDAwMDAwMDAwMCwidXBkYXRlIjoyNzAwMDAwMDAwMDAwfX0=",
          "dependencies": [
            "azurerm_resource_group.resource_group",
            "azurerm_virtual_network.vnet",
            "module.backend.azurerm_subnet.backend_subnet",
            "module.backend.module.nat.azurerm_nat_gateway.gateway",
            "module.backend.module.nat.azurerm_nat_gateway_public_ip_association.gateway_public_ip_association",
            "module.backend.module.nat.azurerm_public_ip.gateway_public_ip",
            "module.backend.module.nat.azurerm_subnet_nat_gateway_association.gateway_subnet_association",
            "module.backend.module.vm.azurerm_network_interface.load_balancer_nic"
          ]
        }
      ]
    },
    {
      "module": "module.backend.module.vm",
      "mode": "managed",
      "type": "azurerm_network_interface",
      "name": "load_balancer_nic",
      "provider": "provider[\"registry.terraform.io/hashicorp/azurerm\"]",
      "instances": [
        {
          "index_key": 0,
          "schema_version": 0,
          "attributes": {
            "accelerated_networking_enabled": false,
            "applied_dns_servers": [],
            "auxiliary_mode": "",
            "auxiliary_sku": "",
            "dns_servers": [],
            "edge_zone": "",
            "enable_accelerated_networking": false,
            "enable_ip_forwarding": false,
            "id": "/subscriptions/72e2720e-f496-43c7-ab41-8a74e03960e5/resourceGroups/group1/providers/Microsoft.Network/networkInterfaces/group1_lb_nic_0",
            "internal_dns_name_label": "",
            "internal_domain_name_suffix": "uaglb3trhysuzccwl0x5eiqwqa.wawx.internal.cloudapp.net",
            "ip_configuration": [
              {
                "gateway_load_balancer_frontend_ip_configuration_id": "",
                "name": "internal",
                "primary": true,
                "private_ip_address": "22.0.1.5",
                "private_ip_address_allocation": "Dynamic",
                "private_ip_address_version": "IPv4",
                "public_ip_address_id": "",
                "subnet_id": "/subscriptions/72e2720e-f496-43c7-ab41-8a74e03960e5/resourceGroups/group1/providers/Microsoft.Network/virtualNetworks/group1_vnet/subnets/group1_backend_subnet"
              }
            ],
            "ip_forwarding_enabled": false,
            "location": "polandcentral",
            "mac_address": "",
            "name": "group1_lb_nic_0",
            "private_ip_address": "22.0.1.5",
            "private_ip_addresses": [
              "22.0.1.5"
            ],
            "resource_group_name": "group1",
            "tags": null,
            "timeouts": null,
            "virtual_machine_id": ""
          },
          "sensitive_attributes": [],
          "private": "eyJlMmJmYjczMC1lY2FhLTExZTYtOGY4OC0zNDM2M2JjN2M0YzAiOnsiY3JlYXRlIjoxODAwMDAwMDAwMDAwLCJkZWxldGUiOjE4MDAwMDAwMDAwMDAsInJlYWQiOjMwMDAwMDAwMDAwMCwidXBkYXRlIjoxODAwMDAwMDAwMDAwfX0=",
          "dependencies": [
            "azurerm_resource_group.resource_group",
            "azurerm_virtual_network.vnet",
            "module.backend.azurerm_subnet.backend_subnet",
            "module.backend.module.nat.azurerm_nat_gateway.gateway",
            "module.backend.module.nat.azurerm_nat_gateway_public_ip_association.gateway_public_ip_association",
            "module.backend.module.nat.azurerm_public_ip.gateway_public_ip",
            "module.backend.module.nat.azurerm_subnet_nat_gateway_association.gateway_subnet_association"
          ]
        },
        {
          "index_key": 1,
          "schema_version": 0,
          "attributes": {
            "accelerated_networking_enabled": false,
            "applied_dns_servers": [],
            "auxiliary_mode": "",
            "auxiliary_sku": "",
            "dns_servers": [],
            "edge_zone": "",
            "enable_accelerated_networking": false,
            "enable_ip_forwarding": false,
            "id": "/subscriptions/72e2720e-f496-43c7-ab41-8a74e03960e5/resourceGroups/group1/providers/Microsoft.Network/networkInterfaces/group1_lb_nic_1",
            "internal_dns_name_label": "",
            "internal_domain_name_suffix": "uaglb3trhysuzccwl0x5eiqwqa.wawx.internal.cloudapp.net",
            "ip_configuration": [
              {
                "gateway_load_balancer_frontend_ip_configuration_id": "",
                "name": "internal",
                "primary": true,
                "private_ip_address": "22.0.1.4",
                "private_ip_address_allocation": "Dynamic",
                "private_ip_address_version": "IPv4",
                "public_ip_address_id": "",
                "subnet_id": "/subscriptions/72e2720e-f496-43c7-ab41-8a74e03960e5/resourceGroups/group1/providers/Microsoft.Network/virtualNetworks/group1_vnet/subnets/group1_backend_subnet"
              }
            ],
            "ip_forwarding_enabled": false,
            "location": "polandcentral",
            "mac_address": "",
            "name": "group1_lb_nic_1",
            "private_ip_address": "22.0.1.4",
            "private_ip_addresses": [
              "22.0.1.4"
            ],
            "resource_group_name": "group1",
            "tags": null,
            "timeouts": null,
            "virtual_machine_id": ""
          },
          "sensitive_attributes": [],
          "private": "eyJlMmJmYjczMC1lY2FhLTExZTYtOGY4OC0zNDM2M2JjN2M0YzAiOnsiY3JlYXRlIjoxODAwMDAwMDAwMDAwLCJkZWxldGUiOjE4MDAwMDAwMDAwMDAsInJlYWQiOjMwMDAwMDAwMDAwMCwidXBkYXRlIjoxODAwMDAwMDAwMDAwfX0=",
          "dependencies": [
            "azurerm_resource_group.resource_group",
            "azurerm_virtual_network.vnet",
            "module.backend.azurerm_subnet.backend_subnet",
            "module.backend.module.nat.azurerm_nat_gateway.gateway",
            "module.backend.module.nat.azurerm_nat_gateway_public_ip_association.gateway_public_ip_association",
            "module.backend.module.nat.azurerm_public_ip.gateway_public_ip",
            "module.backend.module.nat.azurerm_subnet_nat_gateway_association.gateway_subnet_association"
          ]
        }
      ]
    },
    {
      "module": "module.bastion",
      "mode": "managed",
      "type": "azurerm_bastion_host",
      "name": "bastion_host",
      "provider": "provider[\"registry.terraform.io/hashicorp/azurerm\"]",
      "instances": [
        {
          "schema_version": 0,
          "attributes": {
            "copy_paste_enabled": true,
            "dns_name": "bst-e1b96984-9b0e-43f2-aff6-1da62cb4f6b0.bastion.azure.com",
            "file_copy_enabled": false,
            "id": "/subscriptions/72e2720e-f496-43c7-ab41-8a74e03960e5/resourceGroups/group1/providers/Microsoft.Network/bastionHosts/group1_bastion_host",
            "ip_configuration": [
              {
                "name": "configuration",
                "public_ip_address_id": "/subscriptions/72e2720e-f496-43c7-ab41-8a74e03960e5/resourceGroups/group1/providers/Microsoft.Network/publicIPAddresses/group1_bastion_public_ip",
                "subnet_id": "/subscriptions/72e2720e-f496-43c7-ab41-8a74e03960e5/resourceGroups/group1/providers/Microsoft.Network/virtualNetworks/group1_vnet/subnets/AzureBastionSubnet"
              }
            ],
            "ip_connect_enabled": false,
            "kerberos_enabled": false,
            "location": "polandcentral",
            "name": "group1_bastion_host",
            "resource_group_name": "group1",
            "scale_units": 2,
            "shareable_link_enabled": false,
            "sku": "Basic",
            "tags": null,
            "timeouts": null,
            "tunneling_enabled": false,
            "virtual_network_id": ""
          },
          "sensitive_attributes": [],
          "private": "eyJlMmJmYjczMC1lY2FhLTExZTYtOGY4OC0zNDM2M2JjN2M0YzAiOnsiY3JlYXRlIjoxODAwMDAwMDAwMDAwLCJkZWxldGUiOjE4MDAwMDAwMDAwMDAsInJlYWQiOjMwMDAwMDAwMDAwMCwidXBkYXRlIjoxODAwMDAwMDAwMDAwfX0=",
          "dependencies": [
            "azurerm_resource_group.resource_group",
            "azurerm_virtual_network.vnet",
            "module.bastion.azurerm_public_ip.bastion_public_ip",
            "module.bastion.azurerm_subnet.bastion_subnet"
          ]
        }
      ]
    },
    {
      "module": "module.bastion",
      "mode": "managed",
      "type": "azurerm_public_ip",
      "name": "bastion_public_ip",
      "provider": "provider[\"registry.terraform.io/hashicorp/azurerm\"]",
      "instances": [
        {
          "schema_version": 0,
          "attributes": {
            "allocation_method": "Static",
            "ddos_protection_mode": "VirtualNetworkInherited",
            "ddos_protection_plan_id": null,
            "domain_name_label": null,
            "edge_zone": "",
            "fqdn": null,
            "id": "/subscriptions/72e2720e-f496-43c7-ab41-8a74e03960e5/resourceGroups/group1/providers/Microsoft.Network/publicIPAddresses/group1_bastion_public_ip",
            "idle_timeout_in_minutes": 4,
            "ip_address": "20.215.254.35",
            "ip_tags": null,
            "ip_version": "IPv4",
            "location": "polandcentral",
            "name": "group1_bastion_public_ip",
            "public_ip_prefix_id": null,
            "resource_group_name": "group1",
            "reverse_fqdn": null,
            "sku": "Standard",
            "sku_tier": "Regional",
            "tags": null,
            "timeouts": null,
            "zones": null
          },
          "sensitive_attributes": [],
          "private": "eyJlMmJmYjczMC1lY2FhLTExZTYtOGY4OC0zNDM2M2JjN2M0YzAiOnsiY3JlYXRlIjoxODAwMDAwMDAwMDAwLCJkZWxldGUiOjE4MDAwMDAwMDAwMDAsInJlYWQiOjMwMDAwMDAwMDAwMCwidXBkYXRlIjoxODAwMDAwMDAwMDAwfX0=",
          "dependencies": [
            "azurerm_resource_group.resource_group"
          ]
        }
      ]
    },
    {
      "module": "module.bastion",
      "mode": "managed",
      "type": "azurerm_subnet",
      "name": "bastion_subnet",
      "provider": "provider[\"registry.terraform.io/hashicorp/azurerm\"]",
      "instances": [
        {
          "schema_version": 0,
          "attributes": {
            "address_prefixes": [
              "22.0.9.0/24"
            ],
            "default_outbound_access_enabled": true,
            "delegation": [],
            "enforce_private_link_endpoint_network_policies": false,
            "enforce_private_link_service_network_policies": false,
            "id": "/subscriptions/72e2720e-f496-43c7-ab41-8a74e03960e5/resourceGroups/group1/providers/Microsoft.Network/virtualNetworks/group1_vnet/subnets/AzureBastionSubnet",
            "name": "AzureBastionSubnet",
            "private_endpoint_network_policies": "Enabled",
            "private_endpoint_network_policies_enabled": true,
            "private_link_service_network_policies_enabled": true,
            "resource_group_name": "group1",
            "service_endpoint_policy_ids": null,
            "service_endpoints": null,
            "timeouts": null,
            "virtual_network_name": "group1_vnet"
          },
          "sensitive_attributes": [],
          "private": "eyJlMmJmYjczMC1lY2FhLTExZTYtOGY4OC0zNDM2M2JjN2M0YzAiOnsiY3JlYXRlIjoxODAwMDAwMDAwMDAwLCJkZWxldGUiOjE4MDAwMDAwMDAwMDAsInJlYWQiOjMwMDAwMDAwMDAwMCwidXBkYXRlIjoxODAwMDAwMDAwMDAwfX0=",
          "dependencies": [
            "azurerm_resource_group.resource_group",
            "azurerm_virtual_network.vnet"
          ]
        }
      ]
    },
    {
      "module": "module.db",
      "mode": "managed",
      "type": "azurerm_postgresql_flexible_server",
      "name": "postgres_server",
      "provider": "provider[\"registry.terraform.io/hashicorp/azurerm\"]",
      "instances": [
        {
          "schema_version": 0,
          "attributes": {
            "administrator_login": "username",
            "administrator_password": "password",
            "authentication": [
              {
                "active_directory_auth_enabled": false,
                "password_auth_enabled": true,
                "tenant_id": ""
              }
            ],
            "auto_grow_enabled": false,
            "backup_retention_days": 7,
            "create_mode": null,
            "customer_managed_key": [],
            "delegated_subnet_id": "",
            "fqdn": "group1-postgresql-server.postgres.database.azure.com",
            "geo_redundant_backup_enabled": false,
            "high_availability": [],
            "id": "/subscriptions/72e2720e-f496-43c7-ab41-8a74e03960e5/resourceGroups/group1/providers/Microsoft.DBforPostgreSQL/flexibleServers/group1-postgresql-server",
            "identity": [],
            "location": "polandcentral",
            "maintenance_window": [],
            "name": "group1-postgresql-server",
            "point_in_time_restore_time_in_utc": null,
            "private_dns_zone_id": "",
            "public_network_access_enabled": false,
            "replication_role": "",
            "resource_group_name": "group1",
            "sku_name": "B_Standard_B1ms",
            "source_server_id": null,
            "storage_mb": 32768,
            "storage_tier": "P4",
            "tags": null,
            "timeouts": null,
            "version": "16",
            "zone": "1"
          },
          "sensitive_attributes": [
            [
              {
                "type": "get_attr",
                "value": "administrator_password"
              }
            ]
          ],
          "private": "eyJlMmJmYjczMC1lY2FhLTExZTYtOGY4OC0zNDM2M2JjN2M0YzAiOnsiY3JlYXRlIjozNjAwMDAwMDAwMDAwLCJkZWxldGUiOjM2MDAwMDAwMDAwMDAsInJlYWQiOjMwMDAwMDAwMDAwMCwidXBkYXRlIjozNjAwMDAwMDAwMDAwfX0=",
          "dependencies": [
            "azurerm_resource_group.resource_group"
          ]
        }
      ]
    },
    {
      "module": "module.db",
      "mode": "managed",
      "type": "azurerm_postgresql_flexible_server_database",
      "name": "postgres_database",
      "provider": "provider[\"registry.terraform.io/hashicorp/azurerm\"]",
      "instances": [
        {
          "schema_version": 0,
          "attributes": {
            "charset": "UTF8",
            "collation": "en_US.utf8",
            "id": "/subscriptions/72e2720e-f496-43c7-ab41-8a74e03960e5/resourceGroups/group1/providers/Microsoft.DBforPostgreSQL/flexibleServers/group1-postgresql-server/databases/parkingDb",
            "name": "parkingDb",
            "server_id": "/subscriptions/72e2720e-f496-43c7-ab41-8a74e03960e5/resourceGroups/group1/providers/Microsoft.DBforPostgreSQL/flexibleServers/group1-postgresql-server",
            "timeouts": null
          },
          "sensitive_attributes": [],
          "private": "eyJlMmJmYjczMC1lY2FhLTExZTYtOGY4OC0zNDM2M2JjN2M0YzAiOnsiY3JlYXRlIjoxODAwMDAwMDAwMDAwLCJkZWxldGUiOjE4MDAwMDAwMDAwMDAsInJlYWQiOjMwMDAwMDAwMDAwMH19",
          "dependencies": [
            "azurerm_resource_group.resource_group",
            "module.db.azurerm_postgresql_flexible_server.postgres_server"
          ]
        }
      ]
    },
    {
      "module": "module.db",
      "mode": "managed",
      "type": "azurerm_private_dns_a_record",
      "name": "postgres_dns_record",
      "provider": "provider[\"registry.terraform.io/hashicorp/azurerm\"]",
      "instances": [
        {
          "schema_version": 0,
          "attributes": {
            "fqdn": "database.group1.azure.com.",
            "id": "/subscriptions/72e2720e-f496-43c7-ab41-8a74e03960e5/resourceGroups/group1/providers/Microsoft.Network/privateDnsZones/group1.azure.com/A/database",
            "name": "database",
            "records": [
              "22.0.4.4"
            ],
            "resource_group_name": "group1",
            "tags": null,
            "timeouts": null,
            "ttl": 300,
            "zone_name": "group1.azure.com"
          },
          "sensitive_attributes": [],
          "private": "eyJlMmJmYjczMC1lY2FhLTExZTYtOGY4OC0zNDM2M2JjN2M0YzAiOnsiY3JlYXRlIjoxODAwMDAwMDAwMDAwLCJkZWxldGUiOjE4MDAwMDAwMDAwMDAsInJlYWQiOjMwMDAwMDAwMDAwMCwidXBkYXRlIjoxODAwMDAwMDAwMDAwfX0=",
          "dependencies": [
            "azurerm_resource_group.resource_group",
            "azurerm_virtual_network.vnet",
            "module.db.azurerm_postgresql_flexible_server.postgres_server",
            "module.db.azurerm_private_dns_zone.dns",
            "module.db.azurerm_private_endpoint.database_private_endpoint",
            "module.db.azurerm_subnet.postgres_subnet"
          ]
        }
      ]
    },
    {
      "module": "module.db",
      "mode": "managed",
      "type": "azurerm_private_dns_zone",
      "name": "dns",
      "provider": "provider[\"registry.terraform.io/hashicorp/azurerm\"]",
      "instances": [
        {
          "schema_version": 0,
          "attributes": {
            "id": "/subscriptions/72e2720e-f496-43c7-ab41-8a74e03960e5/resourceGroups/group1/providers/Microsoft.Network/privateDnsZones/group1.azure.com",
            "max_number_of_record_sets": 25000,
            "max_number_of_virtual_network_links": 1000,
            "max_number_of_virtual_network_links_with_registration": 100,
            "name": "group1.azure.com",
            "number_of_record_sets": 1,
            "resource_group_name": "group1",
            "soa_record": [
              {
                "email": "azureprivatedns-host.microsoft.com",
                "expire_time": 2419200,
                "fqdn": "group1.azure.com.",
                "host_name": "azureprivatedns.net",
                "minimum_ttl": 10,
                "refresh_time": 3600,
                "retry_time": 300,
                "serial_number": 1,
                "tags": {},
                "ttl": 3600
              }
            ],
            "tags": null,
            "timeouts": null
          },
          "sensitive_attributes": [],
          "private": "eyJlMmJmYjczMC1lY2FhLTExZTYtOGY4OC0zNDM2M2JjN2M0YzAiOnsiY3JlYXRlIjoxODAwMDAwMDAwMDAwLCJkZWxldGUiOjE4MDAwMDAwMDAwMDAsInJlYWQiOjMwMDAwMDAwMDAwMCwidXBkYXRlIjoxODAwMDAwMDAwMDAwfX0=",
          "dependencies": [
            "azurerm_resource_group.resource_group"
          ]
        }
      ]
    },
    {
      "module": "module.db",
      "mode": "managed",
      "type": "azurerm_private_dns_zone_virtual_network_link",
      "name": "dns_vnet_link",
      "provider": "provider[\"registry.terraform.io/hashicorp/azurerm\"]",
      "instances": [
        {
          "schema_version": 0,
          "attributes": {
            "id": "/subscriptions/72e2720e-f496-43c7-ab41-8a74e03960e5/resourceGroups/group1/providers/Microsoft.Network/privateDnsZones/group1.azure.com/virtualNetworkLinks/group1VnetZone.com",
            "name": "group1VnetZone.com",
            "private_dns_zone_name": "group1.azure.com",
            "registration_enabled": false,
            "resource_group_name": "group1",
            "tags": null,
            "timeouts": null,
            "virtual_network_id": "/subscriptions/72e2720e-f496-43c7-ab41-8a74e03960e5/resourceGroups/group1/providers/Microsoft.Network/virtualNetworks/group1_vnet"
          },
          "sensitive_attributes": [],
          "private": "eyJlMmJmYjczMC1lY2FhLTExZTYtOGY4OC0zNDM2M2JjN2M0YzAiOnsiY3JlYXRlIjoxODAwMDAwMDAwMDAwLCJkZWxldGUiOjE4MDAwMDAwMDAwMDAsInJlYWQiOjMwMDAwMDAwMDAwMCwidXBkYXRlIjoxODAwMDAwMDAwMDAwfX0=",
          "dependencies": [
            "azurerm_resource_group.resource_group",
            "azurerm_virtual_network.vnet",
            "module.db.azurerm_private_dns_zone.dns"
          ]
        }
      ]
    },
    {
      "module": "module.db",
      "mode": "managed",
      "type": "azurerm_private_endpoint",
      "name": "database_private_endpoint",
      "provider": "provider[\"registry.terraform.io/hashicorp/azurerm\"]",
      "instances": [
        {
          "schema_version": 0,
          "attributes": {
            "custom_dns_configs": [
              {
                "fqdn": "group1-postgresql-server.postgres.database.azure.com",
                "ip_addresses": [
                  "22.0.4.4"
                ]
              }
            ],
            "custom_network_interface_name": "",
            "id": "/subscriptions/72e2720e-f496-43c7-ab41-8a74e03960e5/resourceGroups/group1/providers/Microsoft.Network/privateEndpoints/group1_endpoint_sql",
            "ip_configuration": [],
            "location": "polandcentral",
            "name": "group1_endpoint_sql",
            "network_interface": [
              {
                "id": "/subscriptions/72e2720e-f496-43c7-ab41-8a74e03960e5/resourceGroups/group1/providers/Microsoft.Network/networkInterfaces/group1_endpoint_sql.nic.ff24df21-248a-4388-ba43-9b7b3515ea75",
                "name": "group1_endpoint_sql.nic.ff24df21-248a-4388-ba43-9b7b3515ea75"
              }
            ],
            "private_dns_zone_configs": [
              {
                "id": "/subscriptions/72e2720e-f496-43c7-ab41-8a74e03960e5/resourceGroups/group1/providers/Microsoft.Network/privateEndpoints/group1_endpoint_sql/privateDnsZoneGroups/dns_idk_name/privateDnsZoneConfigs/group1.azure.com",
                "name": "group1.azure.com",
                "private_dns_zone_id": "/subscriptions/72e2720e-f496-43c7-ab41-8a74e03960e5/resourceGroups/group1/providers/Microsoft.Network/privateDnsZones/group1.azure.com",
                "record_sets": []
              }
            ],
            "private_dns_zone_group": [
              {
                "id": "/subscriptions/72e2720e-f496-43c7-ab41-8a74e03960e5/resourceGroups/group1/providers/Microsoft.Network/privateEndpoints/group1_endpoint_sql/privateDnsZoneGroups/dns_idk_name",
                "name": "dns_idk_name",
                "private_dns_zone_ids": [
                  "/subscriptions/72e2720e-f496-43c7-ab41-8a74e03960e5/resourceGroups/group1/providers/Microsoft.Network/privateDnsZones/group1.azure.com"
                ]
              }
            ],
            "private_service_connection": [
              {
                "is_manual_connection": false,
                "name": "group1_private_serviceconnection",
                "private_connection_resource_alias": "",
                "private_connection_resource_id": "/subscriptions/72e2720e-f496-43c7-ab41-8a74e03960e5/resourceGroups/group1/providers/Microsoft.DBforPostgreSQL/flexibleServers/group1-postgresql-server",
                "private_ip_address": "22.0.4.4",
                "request_message": "",
                "subresource_names": [
                  "postgresqlServer"
                ]
              }
            ],
            "resource_group_name": "group1",
            "subnet_id": "/subscriptions/72e2720e-f496-43c7-ab41-8a74e03960e5/resourceGroups/group1/providers/Microsoft.Network/virtualNetworks/group1_vnet/subnets/group1_postgres_subnet",
            "tags": null,
            "timeouts": null
          },
          "sensitive_attributes": [],
          "private": "eyJlMmJmYjczMC1lY2FhLTExZTYtOGY4OC0zNDM2M2JjN2M0YzAiOnsiY3JlYXRlIjozNjAwMDAwMDAwMDAwLCJkZWxldGUiOjM2MDAwMDAwMDAwMDAsInJlYWQiOjMwMDAwMDAwMDAwMCwidXBkYXRlIjozNjAwMDAwMDAwMDAwfX0=",
          "dependencies": [
            "azurerm_resource_group.resource_group",
            "azurerm_virtual_network.vnet",
            "module.db.azurerm_postgresql_flexible_server.postgres_server",
            "module.db.azurerm_private_dns_zone.dns",
            "module.db.azurerm_subnet.postgres_subnet"
          ]
        }
      ]
    },
    {
      "module": "module.db",
      "mode": "managed",
      "type": "azurerm_subnet",
      "name": "postgres_subnet",
      "provider": "provider[\"registry.terraform.io/hashicorp/azurerm\"]",
      "instances": [
        {
          "schema_version": 0,
          "attributes": {
            "address_prefixes": [
              "22.0.4.0/24"
            ],
            "default_outbound_access_enabled": true,
            "delegation": [],
            "enforce_private_link_endpoint_network_policies": false,
            "enforce_private_link_service_network_policies": false,
            "id": "/subscriptions/72e2720e-f496-43c7-ab41-8a74e03960e5/resourceGroups/group1/providers/Microsoft.Network/virtualNetworks/group1_vnet/subnets/group1_postgres_subnet",
            "name": "group1_postgres_subnet",
            "private_endpoint_network_policies": "Enabled",
            "private_endpoint_network_policies_enabled": true,
            "private_link_service_network_policies_enabled": true,
            "resource_group_name": "group1",
            "service_endpoint_policy_ids": null,
            "service_endpoints": null,
            "timeouts": null,
            "virtual_network_name": "group1_vnet"
          },
          "sensitive_attributes": [],
          "private": "eyJlMmJmYjczMC1lY2FhLTExZTYtOGY4OC0zNDM2M2JjN2M0YzAiOnsiY3JlYXRlIjoxODAwMDAwMDAwMDAwLCJkZWxldGUiOjE4MDAwMDAwMDAwMDAsInJlYWQiOjMwMDAwMDAwMDAwMCwidXBkYXRlIjoxODAwMDAwMDAwMDAwfX0=",
          "dependencies": [
            "azurerm_resource_group.resource_group",
            "azurerm_virtual_network.vnet"
          ]
        }
      ]
    },
    {
      "module": "module.frontend",
      "mode": "managed",
      "type": "azurerm_linux_virtual_machine",
      "name": "frontend_vm",
      "provider": "provider[\"registry.terraform.io/hashicorp/azurerm\"]",
      "instances": [
        {
          "schema_version": 0,
          "attributes": {
            "additional_capabilities": [],
            "admin_password": null,
            "admin_ssh_key": [
              {
                "public_key": "ssh-rsa AAAAB3NzaC1yc2EAAAADAQABAAABgQC8PybmcwYZe/yeRVBtNRcy7FZQcTNO8l2647ex/JdGFC5UFvONSkMQvdDVrjjqzSgzhL6i4m1YtcHf0nJ3zf10t486ybrRIjxpGRxAAuq4j6nOiyh63ue9SpLiCUo5nQFxnTE6/mVTKy9Usf3TEFJKn1ozeUc8DIVzFq0tGeLWHYGogKTQB7ciy1JHKaHWnWTgi04Rutdt7F+AyLkh/O4pRtaZued5VYL711jy4Jx5/+pD0xKfW8kaWjXIRduTvk6d1hm546cOgCA52nlmYWX3KdXJCNEfG1P4c10M7yZpxd9PoC5HOfLSp90kyaPseOsptLUOPG9xIWdeDEHv5t2e1hSqulopQjM2/cWKMnc9+2M1I1Q9fMakkhM9J4yhHQ3+bR+HNhRhIcotbI6t5lYZ0VAWjXuEgqo8NMPg5/G84ci7uerBxF4BQm693FRuuVy2b7AKdWAh1CH3uWr9S0nOKzjoJ+uy7758iGzJbKsCddwRxT/zrihej9qCOOWe2Os= piotrple@POLO2-0594S\n",
                "username": "adminuser"
              }
            ],
            "admin_username": "adminuser",
            "allow_extension_operations": true,
            "availability_set_id": "",
            "boot_diagnostics": [],
            "bypass_platform_safety_checks_on_user_schedule_enabled": false,
            "capacity_reservation_group_id": "",
            "computer_name": "group1-vm-frontend",
            "custom_data": "I2Nsb3VkLWNvbmZpZwoKcGFja2FnZV91cGRhdGU6IHRydWUKcGFja2FnZV91cGdyYWRlOiB0cnVlCgpncm91cHM6CiAgLSBkb2NrZXIKCnN5c3RlbV9pbmZvOgogIGRlZmF1bHRfdXNlcjoKICAgIGdyb3VwczogW2RvY2tlcl0KCnBhY2thZ2VzOgogIC0gZG9ja2VyLmlvCiAgLSB1bmF0dGVuZGVkLXVwZ3JhZGVzCgpydW5jbWQ6CiAgLSBkb2NrZXIgbG9naW4gcGFya2FuaXplcmFjcjIwMjQuYXp1cmVjci5pbyAtdSBwYXJrYW5pemVyYWNyMjAyNCAtcCBEeUVINFdweDZrMGJid3dRRm5aR29GTXFTTXgvdDFLYVpjSnJ5T0hvYlgrQUNSQkhjRWpXCiAgLSBkb2NrZXIgcHVsbCBwYXJrYW5pemVyYWNyMjAyNC5henVyZWNyLmlvL2dydXBhMS9wYXJrYW5pemVyLWZyb250ZW5kOmxhdGVzdAogIC0gZG9ja2VyIHJ1biAtZCAtcCA4MDo4MCAtcCA0NDM6NDQzIHBhcmthbml6ZXJhY3IyMDI0LmF6dXJlY3IuaW8vZ3J1cGExL3Bhcmthbml6ZXItZnJvbnRlbmQ6bGF0ZXN0ICAKZmluYWxfbWVzc2FnZTogIlRoZSBTeXN0ZW0gaXMgZmluYWxseSB1cCwgYWZ0ZXIgJFVQVElNRSBzZWNvbmRzIgo=",
            "dedicated_host_group_id": "",
            "dedicated_host_id": "",
            "disable_password_authentication": true,
            "disk_controller_type": "",
            "edge_zone": "",
            "encryption_at_host_enabled": false,
            "eviction_policy": "",
            "extensions_time_budget": "PT1H30M",
            "gallery_application": [],
            "id": "/subscriptions/72e2720e-f496-43c7-ab41-8a74e03960e5/resourceGroups/group1/providers/Microsoft.Compute/virtualMachines/group1-vm-frontend",
            "identity": [],
            "license_type": "",
            "location": "polandcentral",
            "max_bid_price": -1,
            "name": "group1-vm-frontend",
            "network_interface_ids": [
              "/subscriptions/72e2720e-f496-43c7-ab41-8a74e03960e5/resourceGroups/group1/providers/Microsoft.Network/networkInterfaces/group1_frontend_nic1"
            ],
            "os_disk": [
              {
                "caching": "ReadWrite",
                "diff_disk_settings": [],
                "disk_encryption_set_id": "",
                "disk_size_gb": 30,
                "name": "group1-vm-frontend_OsDisk_1_463d85d301b840f39448d2e5755d8dab",
                "secure_vm_disk_encryption_set_id": "",
                "security_encryption_type": "",
                "storage_account_type": "Standard_LRS",
                "write_accelerator_enabled": false
              }
            ],
            "os_image_notification": [],
            "patch_assessment_mode": "ImageDefault",
            "patch_mode": "ImageDefault",
            "plan": [],
            "platform_fault_domain": -1,
            "priority": "Regular",
            "private_ip_address": "22.0.5.4",
            "private_ip_addresses": [
              "22.0.5.4"
            ],
            "provision_vm_agent": true,
            "proximity_placement_group_id": "",
            "public_ip_address": "20.215.255.101",
            "public_ip_addresses": [
              "20.215.255.101"
            ],
            "reboot_setting": "",
            "resource_group_name": "group1",
            "secret": [],
            "secure_boot_enabled": false,
            "size": "Standard_F1",
            "source_image_id": "",
            "source_image_reference": [
              {
                "offer": "0001-com-ubuntu-server-jammy",
                "publisher": "Canonical",
                "sku": "22_04-lts",
                "version": "latest"
              }
            ],
            "tags": {
              "idemia:cpe:auto:poweroffrange": "19:00!"
            },
            "termination_notification": null,
            "timeouts": null,
            "user_data": "",
            "virtual_machine_id": "79a720ec-4114-4d5d-98f1-cda076166d86",
            "virtual_machine_scale_set_id": "",
            "vm_agent_platform_updates_enabled": false,
            "vtpm_enabled": false,
            "zone": ""
          },
          "sensitive_attributes": [
            [
              {
                "type": "get_attr",
                "value": "custom_data"
              }
            ],
            [
              {
                "type": "get_attr",
                "value": "admin_password"
              }
            ]
          ],
          "private": "eyJlMmJmYjczMC1lY2FhLTExZTYtOGY4OC0zNDM2M2JjN2M0YzAiOnsiY3JlYXRlIjoyNzAwMDAwMDAwMDAwLCJkZWxldGUiOjI3MDAwMDAwMDAwMDAsInJlYWQiOjMwMDAwMDAwMDAwMCwidXBkYXRlIjoyNzAwMDAwMDAwMDAwfX0=",
          "dependencies": [
            "azurerm_resource_group.resource_group",
            "azurerm_subnet.frontend_subnet",
            "azurerm_virtual_network.vnet",
            "module.frontend.azurerm_network_interface.frontend_nic1",
            "module.frontend.azurerm_public_ip.frontend_public_ip"
          ]
        }
      ]
    },
    {
      "module": "module.frontend",
      "mode": "managed",
      "type": "azurerm_network_interface",
      "name": "frontend_nic1",
      "provider": "provider[\"registry.terraform.io/hashicorp/azurerm\"]",
      "instances": [
        {
          "schema_version": 0,
          "attributes": {
            "accelerated_networking_enabled": false,
            "applied_dns_servers": [],
            "auxiliary_mode": "",
            "auxiliary_sku": "",
            "dns_servers": [],
            "edge_zone": "",
            "enable_accelerated_networking": false,
            "enable_ip_forwarding": false,
            "id": "/subscriptions/72e2720e-f496-43c7-ab41-8a74e03960e5/resourceGroups/group1/providers/Microsoft.Network/networkInterfaces/group1_frontend_nic1",
            "internal_dns_name_label": "",
            "internal_domain_name_suffix": "uaglb3trhysuzccwl0x5eiqwqa.wawx.internal.cloudapp.net",
            "ip_configuration": [
              {
                "gateway_load_balancer_frontend_ip_configuration_id": "",
                "name": "internal",
                "primary": true,
                "private_ip_address": "22.0.5.4",
                "private_ip_address_allocation": "Dynamic",
                "private_ip_address_version": "IPv4",
                "public_ip_address_id": "/subscriptions/72e2720e-f496-43c7-ab41-8a74e03960e5/resourceGroups/group1/providers/Microsoft.Network/publicIPAddresses/group1_frontend_public_ip",
                "subnet_id": "/subscriptions/72e2720e-f496-43c7-ab41-8a74e03960e5/resourceGroups/group1/providers/Microsoft.Network/virtualNetworks/group1_vnet/subnets/group1_frontend_subnet"
              }
            ],
            "ip_forwarding_enabled": false,
            "location": "polandcentral",
            "mac_address": "",
            "name": "group1_frontend_nic1",
            "private_ip_address": "22.0.5.4",
            "private_ip_addresses": [
              "22.0.5.4"
            ],
            "resource_group_name": "group1",
            "tags": null,
            "timeouts": null,
            "virtual_machine_id": ""
          },
          "sensitive_attributes": [],
          "private": "eyJlMmJmYjczMC1lY2FhLTExZTYtOGY4OC0zNDM2M2JjN2M0YzAiOnsiY3JlYXRlIjoxODAwMDAwMDAwMDAwLCJkZWxldGUiOjE4MDAwMDAwMDAwMDAsInJlYWQiOjMwMDAwMDAwMDAwMCwidXBkYXRlIjoxODAwMDAwMDAwMDAwfX0=",
          "dependencies": [
            "azurerm_resource_group.resource_group",
            "azurerm_subnet.frontend_subnet",
            "azurerm_virtual_network.vnet",
            "module.frontend.azurerm_public_ip.frontend_public_ip"
          ]
        }
      ]
    },
    {
      "module": "module.frontend",
      "mode": "managed",
      "type": "azurerm_network_security_group",
      "name": "frontend_sg",
      "provider": "provider[\"registry.terraform.io/hashicorp/azurerm\"]",
      "instances": [
        {
          "schema_version": 0,
          "attributes": {
            "id": "/subscriptions/72e2720e-f496-43c7-ab41-8a74e03960e5/resourceGroups/group1/providers/Microsoft.Network/networkSecurityGroups/frontend-sg",
            "location": "polandcentral",
            "name": "frontend-sg",
            "resource_group_name": "group1",
            "security_rule": [
              {
                "access": "Allow",
                "description": "",
                "destination_address_prefix": "*",
                "destination_address_prefixes": [],
                "destination_application_security_group_ids": [],
                "destination_port_range": "443",
                "destination_port_ranges": [],
                "direction": "Inbound",
                "name": "frontend-HTTPS-rule",
                "priority": 1018,
                "protocol": "Tcp",
                "source_address_prefix": "*",
                "source_address_prefixes": [],
                "source_application_security_group_ids": [],
                "source_port_range": "*",
                "source_port_ranges": []
              },
              {
                "access": "Allow",
                "description": "",
                "destination_address_prefix": "*",
                "destination_address_prefixes": [],
                "destination_application_security_group_ids": [],
                "destination_port_range": "80",
                "destination_port_ranges": [],
                "direction": "Inbound",
                "name": "frontend-HTTP-rule",
                "priority": 1008,
                "protocol": "Tcp",
                "source_address_prefix": "*",
                "source_address_prefixes": [],
                "source_application_security_group_ids": [],
                "source_port_range": "*",
                "source_port_ranges": []
              }
            ],
            "tags": null,
            "timeouts": null
          },
          "sensitive_attributes": [],
          "private": "eyJlMmJmYjczMC1lY2FhLTExZTYtOGY4OC0zNDM2M2JjN2M0YzAiOnsiY3JlYXRlIjoxODAwMDAwMDAwMDAwLCJkZWxldGUiOjE4MDAwMDAwMDAwMDAsInJlYWQiOjMwMDAwMDAwMDAwMCwidXBkYXRlIjoxODAwMDAwMDAwMDAwfX0=",
          "dependencies": [
            "azurerm_resource_group.resource_group"
          ]
        }
      ]
    },
    {
      "module": "module.frontend",
      "mode": "managed",
      "type": "azurerm_public_ip",
      "name": "frontend_public_ip",
      "provider": "provider[\"registry.terraform.io/hashicorp/azurerm\"]",
      "instances": [
        {
          "schema_version": 0,
          "attributes": {
            "allocation_method": "Static",
            "ddos_protection_mode": "VirtualNetworkInherited",
            "ddos_protection_plan_id": null,
            "domain_name_label": "group1-parkanizer",
            "edge_zone": "",
            "fqdn": "group1-parkanizer.polandcentral.cloudapp.azure.com",
            "id": "/subscriptions/72e2720e-f496-43c7-ab41-8a74e03960e5/resourceGroups/group1/providers/Microsoft.Network/publicIPAddresses/group1_frontend_public_ip",
            "idle_timeout_in_minutes": 4,
            "ip_address": "20.215.255.101",
            "ip_tags": null,
            "ip_version": "IPv4",
            "location": "polandcentral",
            "name": "group1_frontend_public_ip",
            "public_ip_prefix_id": null,
            "resource_group_name": "group1",
            "reverse_fqdn": "",
            "sku": "Standard",
            "sku_tier": "Regional",
            "tags": null,
            "timeouts": null,
            "zones": null
          },
          "sensitive_attributes": [],
          "private": "eyJlMmJmYjczMC1lY2FhLTExZTYtOGY4OC0zNDM2M2JjN2M0YzAiOnsiY3JlYXRlIjoxODAwMDAwMDAwMDAwLCJkZWxldGUiOjE4MDAwMDAwMDAwMDAsInJlYWQiOjMwMDAwMDAwMDAwMCwidXBkYXRlIjoxODAwMDAwMDAwMDAwfX0=",
          "dependencies": [
            "azurerm_resource_group.resource_group"
          ]
        }
      ]
    },
    {
      "module": "module.frontend",
      "mode": "managed",
      "type": "azurerm_subnet_network_security_group_association",
      "name": "my_frontend_sg_association",
      "provider": "provider[\"registry.terraform.io/hashicorp/azurerm\"]",
      "instances": [
        {
          "schema_version": 0,
          "attributes": {
            "id": "/subscriptions/72e2720e-f496-43c7-ab41-8a74e03960e5/resourceGroups/group1/providers/Microsoft.Network/virtualNetworks/group1_vnet/subnets/group1_frontend_subnet",
            "network_security_group_id": "/subscriptions/72e2720e-f496-43c7-ab41-8a74e03960e5/resourceGroups/group1/providers/Microsoft.Network/networkSecurityGroups/frontend-sg",
            "subnet_id": "/subscriptions/72e2720e-f496-43c7-ab41-8a74e03960e5/resourceGroups/group1/providers/Microsoft.Network/virtualNetworks/group1_vnet/subnets/group1_frontend_subnet",
            "timeouts": null
          },
          "sensitive_attributes": [],
          "private": "eyJlMmJmYjczMC1lY2FhLTExZTYtOGY4OC0zNDM2M2JjN2M0YzAiOnsiY3JlYXRlIjoxODAwMDAwMDAwMDAwLCJkZWxldGUiOjE4MDAwMDAwMDAwMDAsInJlYWQiOjMwMDAwMDAwMDAwMH19",
          "dependencies": [
            "azurerm_resource_group.resource_group",
            "azurerm_subnet.frontend_subnet",
            "azurerm_virtual_network.vnet",
            "module.frontend.azurerm_network_security_group.frontend_sg"
          ]
        }
      ]
    },
    {
      "module": "module.monitoring",
      "mode": "managed",
      "type": "azurerm_network_interface",
      "name": "monitoring_nic",
      "provider": "provider[\"registry.terraform.io/hashicorp/azurerm\"]",
      "instances": [
        {
          "index_key": 0,
          "schema_version": 0,
          "attributes": {
            "accelerated_networking_enabled": false,
            "applied_dns_servers": [],
            "auxiliary_mode": "",
            "auxiliary_sku": "",
            "dns_servers": [],
            "edge_zone": "",
            "enable_accelerated_networking": false,
            "enable_ip_forwarding": false,
            "id": "/subscriptions/72e2720e-f496-43c7-ab41-8a74e03960e5/resourceGroups/group1/providers/Microsoft.Network/networkInterfaces/group1_monitoring_nic",
            "internal_dns_name_label": "",
            "internal_domain_name_suffix": "uaglb3trhysuzccwl0x5eiqwqa.wawx.internal.cloudapp.net",
            "ip_configuration": [
              {
                "gateway_load_balancer_frontend_ip_configuration_id": "",
                "name": "internal",
                "primary": true,
                "private_ip_address": "22.0.10.10",
                "private_ip_address_allocation": "Static",
                "private_ip_address_version": "IPv4",
                "public_ip_address_id": "",
                "subnet_id": "/subscriptions/72e2720e-f496-43c7-ab41-8a74e03960e5/resourceGroups/group1/providers/Microsoft.Network/virtualNetworks/group1_vnet/subnets/group1-monitoring-subnet"
              }
            ],
            "ip_forwarding_enabled": false,
            "location": "polandcentral",
            "mac_address": "",
            "name": "group1_monitoring_nic",
            "private_ip_address": "22.0.10.10",
            "private_ip_addresses": [
              "22.0.10.10"
            ],
            "resource_group_name": "group1",
            "tags": null,
            "timeouts": null,
            "virtual_machine_id": ""
          },
          "sensitive_attributes": [],
          "private": "eyJlMmJmYjczMC1lY2FhLTExZTYtOGY4OC0zNDM2M2JjN2M0YzAiOnsiY3JlYXRlIjoxODAwMDAwMDAwMDAwLCJkZWxldGUiOjE4MDAwMDAwMDAwMDAsInJlYWQiOjMwMDAwMDAwMDAwMCwidXBkYXRlIjoxODAwMDAwMDAwMDAwfX0=",
          "dependencies": [
            "azurerm_resource_group.resource_group",
            "azurerm_subnet.monitoring_subnet",
            "azurerm_virtual_network.vnet"
          ]
        }
      ]
    }
  ],
  "check_results": null
}
